// !$*UTF8*$!
{
	archiveVersion = 1;
	classes = {
	};
	objectVersion = 56;
	objects = {

/* Begin PBXBuildFile section */
		6D252F78C0E2429AFB6B26C1 /* Pods_ituneMovie.framework in Frameworks */ = {isa = PBXBuildFile; fileRef = 8C04A5655739CEF42EBDD9CD /* Pods_ituneMovie.framework */; };
		80556E72295980100063E9BC /* UIColor + DynamicColor Extension.swift in Sources */ = {isa = PBXBuildFile; fileRef = 80556E71295980100063E9BC /* UIColor + DynamicColor Extension.swift */; };
		808351DB2948BDD6009E0232 /* FavouriteMovieCollectionViewCell.swift in Sources */ = {isa = PBXBuildFile; fileRef = 808351DA2948BDD6009E0232 /* FavouriteMovieCollectionViewCell.swift */; };
		808B46CC2935D679007906C4 /* UIColor + Extensions.swift in Sources */ = {isa = PBXBuildFile; fileRef = 808B46CB2935D679007906C4 /* UIColor + Extensions.swift */; };
		80C7361B297A2EDA00E68222 /* ImageConstant.swift in Sources */ = {isa = PBXBuildFile; fileRef = 80C7361A297A2EDA00E68222 /* ImageConstant.swift */; };
		80CE67CB292F589C00687003 /* AppDelegate.swift in Sources */ = {isa = PBXBuildFile; fileRef = 80CE67CA292F589C00687003 /* AppDelegate.swift */; };
		80CE67CD292F589C00687003 /* SceneDelegate.swift in Sources */ = {isa = PBXBuildFile; fileRef = 80CE67CC292F589C00687003 /* SceneDelegate.swift */; };
		80CE67CF292F589C00687003 /* ViewController.swift in Sources */ = {isa = PBXBuildFile; fileRef = 80CE67CE292F589C00687003 /* ViewController.swift */; };
		80CE67D4292F589D00687003 /* Assets.xcassets in Resources */ = {isa = PBXBuildFile; fileRef = 80CE67D3292F589D00687003 /* Assets.xcassets */; };
		80CE67D7292F589D00687003 /* LaunchScreen.storyboard in Resources */ = {isa = PBXBuildFile; fileRef = 80CE67D5292F589D00687003 /* LaunchScreen.storyboard */; };
		80CE67E7292F5D4F00687003 /* MovieViewController.swift in Sources */ = {isa = PBXBuildFile; fileRef = 80CE67E5292F5D4F00687003 /* MovieViewController.swift */; };
		80CE67EA292F5DD800687003 /* Movie.storyboard in Resources */ = {isa = PBXBuildFile; fileRef = 80CE67E9292F5DD800687003 /* Movie.storyboard */; };
		80CE67EE292F6BD900687003 /* APIService.swift in Sources */ = {isa = PBXBuildFile; fileRef = 80CE67ED292F6BD900687003 /* APIService.swift */; };
		80CE67F2292F6D2800687003 /* GetMovieList.swift in Sources */ = {isa = PBXBuildFile; fileRef = 80CE67F1292F6D2800687003 /* GetMovieList.swift */; };
		80CE67F6292F6D9800687003 /* ItuneMovieAPI.swift in Sources */ = {isa = PBXBuildFile; fileRef = 80CE67F5292F6D9800687003 /* ItuneMovieAPI.swift */; };
		80CE67F8292F6E5200687003 /* MovieAPI.swift in Sources */ = {isa = PBXBuildFile; fileRef = 80CE67F7292F6E5200687003 /* MovieAPI.swift */; };
		80CE67FB292F71A600687003 /* ItuneMovieBaseTarget.swift in Sources */ = {isa = PBXBuildFile; fileRef = 80CE67FA292F71A600687003 /* ItuneMovieBaseTarget.swift */; };
		80CE67FD292F71B200687003 /* ItuneMovieBaseResponse.swift in Sources */ = {isa = PBXBuildFile; fileRef = 80CE67FC292F71B200687003 /* ItuneMovieBaseResponse.swift */; };
		80CE67FF292F71BD00687003 /* ItuneMovieBaseRequest.swift in Sources */ = {isa = PBXBuildFile; fileRef = 80CE67FE292F71BD00687003 /* ItuneMovieBaseRequest.swift */; };
		80CE6801292F73C200687003 /* MovieViewModel.swift in Sources */ = {isa = PBXBuildFile; fileRef = 80CE6800292F73C200687003 /* MovieViewModel.swift */; };
		80CE6803292F82B600687003 /* Movie.swift in Sources */ = {isa = PBXBuildFile; fileRef = 80CE6802292F82B600687003 /* Movie.swift */; };
		80CE680529305DCD00687003 /* MovieListResponse.swift in Sources */ = {isa = PBXBuildFile; fileRef = 80CE680429305DCD00687003 /* MovieListResponse.swift */; };
		80CE6809293090AE00687003 /* MovieCollectionViewCell.swift in Sources */ = {isa = PBXBuildFile; fileRef = 80CE6807293090AE00687003 /* MovieCollectionViewCell.swift */; };
		80CE680E2930AF3200687003 /* MovieCollectionReusableView.swift in Sources */ = {isa = PBXBuildFile; fileRef = 80CE680D2930AF3200687003 /* MovieCollectionReusableView.swift */; };
		80CE68192935A48300687003 /* MovieDetailViewController.swift in Sources */ = {isa = PBXBuildFile; fileRef = 80CE68172935A48300687003 /* MovieDetailViewController.swift */; };
		80CE681A2935A48300687003 /* MovieDetailViewController.xib in Resources */ = {isa = PBXBuildFile; fileRef = 80CE68182935A48300687003 /* MovieDetailViewController.xib */; };
		80F2342C29487406004DC739 /* DrawerMenuViewController.swift in Sources */ = {isa = PBXBuildFile; fileRef = 80F2342A29487406004DC739 /* DrawerMenuViewController.swift */; };
		80F2342D29487406004DC739 /* DrawerMenuViewController.xib in Resources */ = {isa = PBXBuildFile; fileRef = 80F2342B29487406004DC739 /* DrawerMenuViewController.xib */; };
		80F234302948752D004DC739 /* DrawerTransitionManager.swift in Sources */ = {isa = PBXBuildFile; fileRef = 80F2342F2948752D004DC739 /* DrawerTransitionManager.swift */; };
		80F234322948763E004DC739 /* DrawerPresentationController.swift in Sources */ = {isa = PBXBuildFile; fileRef = 80F234312948763E004DC739 /* DrawerPresentationController.swift */; };
		80F23434294876ED004DC739 /* DrawerSlideAnimation.swift in Sources */ = {isa = PBXBuildFile; fileRef = 80F23433294876ED004DC739 /* DrawerSlideAnimation.swift */; };
		80F2343A2948801B004DC739 /* FavouriteMovieListViewController.swift in Sources */ = {isa = PBXBuildFile; fileRef = 80F234382948801B004DC739 /* FavouriteMovieListViewController.swift */; };
		80F2343D29488AE3004DC739 /* FavouriteMovieListViewController.storyboard in Resources */ = {isa = PBXBuildFile; fileRef = 80F2343C29488AE3004DC739 /* FavouriteMovieListViewController.storyboard */; };
/* End PBXBuildFile section */

/* Begin PBXFileReference section */
		80556E71295980100063E9BC /* UIColor + DynamicColor Extension.swift */ = {isa = PBXFileReference; lastKnownFileType = sourcecode.swift; path = "UIColor + DynamicColor Extension.swift"; sourceTree = "<group>"; };
		808351DA2948BDD6009E0232 /* FavouriteMovieCollectionViewCell.swift */ = {isa = PBXFileReference; lastKnownFileType = sourcecode.swift; path = FavouriteMovieCollectionViewCell.swift; sourceTree = "<group>"; };
		808B46CB2935D679007906C4 /* UIColor + Extensions.swift */ = {isa = PBXFileReference; lastKnownFileType = sourcecode.swift; path = "UIColor + Extensions.swift"; sourceTree = "<group>"; };
		80C7361A297A2EDA00E68222 /* ImageConstant.swift */ = {isa = PBXFileReference; lastKnownFileType = sourcecode.swift; path = ImageConstant.swift; sourceTree = "<group>"; };
		80CE67C7292F589C00687003 /* ituneMovie.app */ = {isa = PBXFileReference; explicitFileType = wrapper.application; includeInIndex = 0; path = ituneMovie.app; sourceTree = BUILT_PRODUCTS_DIR; };
		80CE67CA292F589C00687003 /* AppDelegate.swift */ = {isa = PBXFileReference; lastKnownFileType = sourcecode.swift; path = AppDelegate.swift; sourceTree = "<group>"; };
		80CE67CC292F589C00687003 /* SceneDelegate.swift */ = {isa = PBXFileReference; lastKnownFileType = sourcecode.swift; path = SceneDelegate.swift; sourceTree = "<group>"; };
		80CE67CE292F589C00687003 /* ViewController.swift */ = {isa = PBXFileReference; lastKnownFileType = sourcecode.swift; path = ViewController.swift; sourceTree = "<group>"; };
		80CE67D3292F589D00687003 /* Assets.xcassets */ = {isa = PBXFileReference; lastKnownFileType = folder.assetcatalog; path = Assets.xcassets; sourceTree = "<group>"; };
		80CE67D6292F589D00687003 /* Base */ = {isa = PBXFileReference; lastKnownFileType = file.storyboard; name = Base; path = Base.lproj/LaunchScreen.storyboard; sourceTree = "<group>"; };
		80CE67D8292F589E00687003 /* Info.plist */ = {isa = PBXFileReference; lastKnownFileType = text.plist.xml; path = Info.plist; sourceTree = "<group>"; };
		80CE67E5292F5D4F00687003 /* MovieViewController.swift */ = {isa = PBXFileReference; lastKnownFileType = sourcecode.swift; path = MovieViewController.swift; sourceTree = "<group>"; };
		80CE67E9292F5DD800687003 /* Movie.storyboard */ = {isa = PBXFileReference; lastKnownFileType = file.storyboard; path = Movie.storyboard; sourceTree = "<group>"; };
		80CE67ED292F6BD900687003 /* APIService.swift */ = {isa = PBXFileReference; lastKnownFileType = sourcecode.swift; path = APIService.swift; sourceTree = "<group>"; };
		80CE67F1292F6D2800687003 /* GetMovieList.swift */ = {isa = PBXFileReference; lastKnownFileType = sourcecode.swift; path = GetMovieList.swift; sourceTree = "<group>"; };
		80CE67F5292F6D9800687003 /* ItuneMovieAPI.swift */ = {isa = PBXFileReference; lastKnownFileType = sourcecode.swift; path = ItuneMovieAPI.swift; sourceTree = "<group>"; };
		80CE67F7292F6E5200687003 /* MovieAPI.swift */ = {isa = PBXFileReference; lastKnownFileType = sourcecode.swift; path = MovieAPI.swift; sourceTree = "<group>"; };
		80CE67FA292F71A600687003 /* ItuneMovieBaseTarget.swift */ = {isa = PBXFileReference; lastKnownFileType = sourcecode.swift; path = ItuneMovieBaseTarget.swift; sourceTree = "<group>"; };
		80CE67FC292F71B200687003 /* ItuneMovieBaseResponse.swift */ = {isa = PBXFileReference; lastKnownFileType = sourcecode.swift; path = ItuneMovieBaseResponse.swift; sourceTree = "<group>"; };
		80CE67FE292F71BD00687003 /* ItuneMovieBaseRequest.swift */ = {isa = PBXFileReference; lastKnownFileType = sourcecode.swift; path = ItuneMovieBaseRequest.swift; sourceTree = "<group>"; };
		80CE6800292F73C200687003 /* MovieViewModel.swift */ = {isa = PBXFileReference; lastKnownFileType = sourcecode.swift; path = MovieViewModel.swift; sourceTree = "<group>"; };
		80CE6802292F82B600687003 /* Movie.swift */ = {isa = PBXFileReference; lastKnownFileType = sourcecode.swift; path = Movie.swift; sourceTree = "<group>"; };
		80CE680429305DCD00687003 /* MovieListResponse.swift */ = {isa = PBXFileReference; lastKnownFileType = sourcecode.swift; path = MovieListResponse.swift; sourceTree = "<group>"; };
		80CE6807293090AE00687003 /* MovieCollectionViewCell.swift */ = {isa = PBXFileReference; lastKnownFileType = sourcecode.swift; path = MovieCollectionViewCell.swift; sourceTree = "<group>"; };
		80CE680D2930AF3200687003 /* MovieCollectionReusableView.swift */ = {isa = PBXFileReference; lastKnownFileType = sourcecode.swift; path = MovieCollectionReusableView.swift; sourceTree = "<group>"; };
		80CE68172935A48300687003 /* MovieDetailViewController.swift */ = {isa = PBXFileReference; lastKnownFileType = sourcecode.swift; path = MovieDetailViewController.swift; sourceTree = "<group>"; };
		80CE68182935A48300687003 /* MovieDetailViewController.xib */ = {isa = PBXFileReference; lastKnownFileType = file.xib; path = MovieDetailViewController.xib; sourceTree = "<group>"; };
		80F2342A29487406004DC739 /* DrawerMenuViewController.swift */ = {isa = PBXFileReference; lastKnownFileType = sourcecode.swift; path = DrawerMenuViewController.swift; sourceTree = "<group>"; };
		80F2342B29487406004DC739 /* DrawerMenuViewController.xib */ = {isa = PBXFileReference; lastKnownFileType = file.xib; path = DrawerMenuViewController.xib; sourceTree = "<group>"; };
		80F2342F2948752D004DC739 /* DrawerTransitionManager.swift */ = {isa = PBXFileReference; lastKnownFileType = sourcecode.swift; path = DrawerTransitionManager.swift; sourceTree = "<group>"; };
		80F234312948763E004DC739 /* DrawerPresentationController.swift */ = {isa = PBXFileReference; lastKnownFileType = sourcecode.swift; path = DrawerPresentationController.swift; sourceTree = "<group>"; };
		80F23433294876ED004DC739 /* DrawerSlideAnimation.swift */ = {isa = PBXFileReference; lastKnownFileType = sourcecode.swift; path = DrawerSlideAnimation.swift; sourceTree = "<group>"; };
		80F234382948801B004DC739 /* FavouriteMovieListViewController.swift */ = {isa = PBXFileReference; lastKnownFileType = sourcecode.swift; path = FavouriteMovieListViewController.swift; sourceTree = "<group>"; };
		80F2343C29488AE3004DC739 /* FavouriteMovieListViewController.storyboard */ = {isa = PBXFileReference; lastKnownFileType = file.storyboard; path = FavouriteMovieListViewController.storyboard; sourceTree = "<group>"; };
		8C04A5655739CEF42EBDD9CD /* Pods_ituneMovie.framework */ = {isa = PBXFileReference; explicitFileType = wrapper.framework; includeInIndex = 0; path = Pods_ituneMovie.framework; sourceTree = BUILT_PRODUCTS_DIR; };
		AD759C8BEEDF1A5D71526189 /* Pods-ituneMovie.debug.xcconfig */ = {isa = PBXFileReference; includeInIndex = 1; lastKnownFileType = text.xcconfig; name = "Pods-ituneMovie.debug.xcconfig"; path = "Target Support Files/Pods-ituneMovie/Pods-ituneMovie.debug.xcconfig"; sourceTree = "<group>"; };
		F5585DEA846D3A5027CD7C84 /* Pods-ituneMovie.release.xcconfig */ = {isa = PBXFileReference; includeInIndex = 1; lastKnownFileType = text.xcconfig; name = "Pods-ituneMovie.release.xcconfig"; path = "Target Support Files/Pods-ituneMovie/Pods-ituneMovie.release.xcconfig"; sourceTree = "<group>"; };
/* End PBXFileReference section */

/* Begin PBXFrameworksBuildPhase section */
		80CE67C4292F589C00687003 /* Frameworks */ = {
			isa = PBXFrameworksBuildPhase;
			buildActionMask = 2147483647;
			files = (
				6D252F78C0E2429AFB6B26C1 /* Pods_ituneMovie.framework in Frameworks */,
			);
			runOnlyForDeploymentPostprocessing = 0;
		};
/* End PBXFrameworksBuildPhase section */

/* Begin PBXGroup section */
		75101BA9450315A8EBA36882 /* Pods */ = {
			isa = PBXGroup;
			children = (
				AD759C8BEEDF1A5D71526189 /* Pods-ituneMovie.debug.xcconfig */,
				F5585DEA846D3A5027CD7C84 /* Pods-ituneMovie.release.xcconfig */,
			);
			path = Pods;
			sourceTree = "<group>";
		};
		808351D92948BDAF009E0232 /* Subview */ = {
			isa = PBXGroup;
			children = (
				808351DA2948BDD6009E0232 /* FavouriteMovieCollectionViewCell.swift */,
			);
			path = Subview;
			sourceTree = "<group>";
		};
		808B46CA2935D660007906C4 /* Helper */ = {
			isa = PBXGroup;
			children = (
				808B46CB2935D679007906C4 /* UIColor + Extensions.swift */,
				80556E71295980100063E9BC /* UIColor + DynamicColor Extension.swift */,
			);
			path = Helper;
			sourceTree = "<group>";
		};
		80C73619297A2EC800E68222 /* Constant */ = {
			isa = PBXGroup;
			children = (
				80C7361A297A2EDA00E68222 /* ImageConstant.swift */,
			);
			path = Constant;
			sourceTree = "<group>";
		};
		80CE67BE292F589C00687003 = {
			isa = PBXGroup;
			children = (
				80CE67C9292F589C00687003 /* ituneMovie */,
				80CE67C8292F589C00687003 /* Products */,
				75101BA9450315A8EBA36882 /* Pods */,
				B8CA954B84CDA86A2A3E3CC8 /* Frameworks */,
			);
			sourceTree = "<group>";
		};
		80CE67C8292F589C00687003 /* Products */ = {
			isa = PBXGroup;
			children = (
				80CE67C7292F589C00687003 /* ituneMovie.app */,
			);
			name = Products;
			sourceTree = "<group>";
		};
		80CE67C9292F589C00687003 /* ituneMovie */ = {
			isa = PBXGroup;
			children = (
				80C73619297A2EC800E68222 /* Constant */,
				808B46CA2935D660007906C4 /* Helper */,
				80CE67EB292F6BC100687003 /* Model */,
				80CE67DE292F5AB500687003 /* Module */,
				80CE67CA292F589C00687003 /* AppDelegate.swift */,
				80CE67CC292F589C00687003 /* SceneDelegate.swift */,
				80CE67CE292F589C00687003 /* ViewController.swift */,
				80CE67D3292F589D00687003 /* Assets.xcassets */,
				80CE67D5292F589D00687003 /* LaunchScreen.storyboard */,
				80CE67D8292F589E00687003 /* Info.plist */,
			);
			path = ituneMovie;
			sourceTree = "<group>";
		};
		80CE67DE292F5AB500687003 /* Module */ = {
			isa = PBXGroup;
			children = (
				80F23429294873EB004DC739 /* Drawer */,
				80CE67DF292F5ADA00687003 /* Movie */,
			);
			path = Module;
			sourceTree = "<group>";
		};
		80CE67DF292F5ADA00687003 /* Movie */ = {
			isa = PBXGroup;
			children = (
				80CE67E9292F5DD800687003 /* Movie.storyboard */,
				80CE67E1292F5B0500687003 /* Constant */,
				80CE67E0292F5AF900687003 /* Scene */,
			);
			path = Movie;
			sourceTree = "<group>";
		};
		80CE67E0292F5AF900687003 /* Scene */ = {
			isa = PBXGroup;
			children = (
				80CE67E2292F5B4200687003 /* Movie */,
				80CE67E3292F5B5700687003 /* MovieDetail */,
				80F2343529487FDF004DC739 /* Favourite Movie List */,
			);
			path = Scene;
			sourceTree = "<group>";
		};
		80CE67E1292F5B0500687003 /* Constant */ = {
			isa = PBXGroup;
			children = (
			);
			path = Constant;
			sourceTree = "<group>";
		};
		80CE67E2292F5B4200687003 /* Movie */ = {
			isa = PBXGroup;
			children = (
				80CE67E5292F5D4F00687003 /* MovieViewController.swift */,
				80CE6800292F73C200687003 /* MovieViewModel.swift */,
				80CE68062930907F00687003 /* Subview */,
			);
			path = Movie;
			sourceTree = "<group>";
		};
		80CE67E3292F5B5700687003 /* MovieDetail */ = {
			isa = PBXGroup;
			children = (
				80CE68182935A48300687003 /* MovieDetailViewController.xib */,
				80CE68172935A48300687003 /* MovieDetailViewController.swift */,
			);
			path = MovieDetail;
			sourceTree = "<group>";
		};
		80CE67EB292F6BC100687003 /* Model */ = {
			isa = PBXGroup;
			children = (
				80CE67EC292F6BC900687003 /* ItuneMovieAPI */,
			);
			path = Model;
			sourceTree = "<group>";
		};
		80CE67EC292F6BC900687003 /* ItuneMovieAPI */ = {
			isa = PBXGroup;
			children = (
				80CE67F5292F6D9800687003 /* ItuneMovieAPI.swift */,
				80CE67ED292F6BD900687003 /* APIService.swift */,
				80CE67F9292F718A00687003 /* Model */,
				80CE67EF292F6CF200687003 /* Endpoint */,
			);
			path = ItuneMovieAPI;
			sourceTree = "<group>";
		};
		80CE67EF292F6CF200687003 /* Endpoint */ = {
			isa = PBXGroup;
			children = (
				80CE67F0292F6D1A00687003 /* Movie */,
			);
			path = Endpoint;
			sourceTree = "<group>";
		};
		80CE67F0292F6D1A00687003 /* Movie */ = {
			isa = PBXGroup;
			children = (
				80CE67F7292F6E5200687003 /* MovieAPI.swift */,
				80CE67F1292F6D2800687003 /* GetMovieList.swift */,
			);
			path = Movie;
			sourceTree = "<group>";
		};
		80CE67F9292F718A00687003 /* Model */ = {
			isa = PBXGroup;
			children = (
				80CE67FA292F71A600687003 /* ItuneMovieBaseTarget.swift */,
				80CE67FC292F71B200687003 /* ItuneMovieBaseResponse.swift */,
				80CE67FE292F71BD00687003 /* ItuneMovieBaseRequest.swift */,
				80CE6802292F82B600687003 /* Movie.swift */,
				80CE680429305DCD00687003 /* MovieListResponse.swift */,
			);
			path = Model;
			sourceTree = "<group>";
		};
		80CE68062930907F00687003 /* Subview */ = {
			isa = PBXGroup;
			children = (
				80CE6807293090AE00687003 /* MovieCollectionViewCell.swift */,
				80CE680D2930AF3200687003 /* MovieCollectionReusableView.swift */,
			);
			path = Subview;
			sourceTree = "<group>";
		};
		80F23429294873EB004DC739 /* Drawer */ = {
			isa = PBXGroup;
			children = (
				80F2342A29487406004DC739 /* DrawerMenuViewController.swift */,
				80F2342B29487406004DC739 /* DrawerMenuViewController.xib */,
				80F2342E2948750F004DC739 /* DrawerTransitionManager */,
			);
			path = Drawer;
			sourceTree = "<group>";
		};
		80F2342E2948750F004DC739 /* DrawerTransitionManager */ = {
			isa = PBXGroup;
			children = (
				80F2342F2948752D004DC739 /* DrawerTransitionManager.swift */,
				80F234312948763E004DC739 /* DrawerPresentationController.swift */,
				80F23433294876ED004DC739 /* DrawerSlideAnimation.swift */,
			);
			path = DrawerTransitionManager;
			sourceTree = "<group>";
		};
		80F2343529487FDF004DC739 /* Favourite Movie List */ = {
			isa = PBXGroup;
			children = (
				80F234382948801B004DC739 /* FavouriteMovieListViewController.swift */,
				80F2343C29488AE3004DC739 /* FavouriteMovieListViewController.storyboard */,
				808351D92948BDAF009E0232 /* Subview */,
			);
			path = "Favourite Movie List";
			sourceTree = "<group>";
		};
		B8CA954B84CDA86A2A3E3CC8 /* Frameworks */ = {
			isa = PBXGroup;
			children = (
				8C04A5655739CEF42EBDD9CD /* Pods_ituneMovie.framework */,
			);
			name = Frameworks;
			sourceTree = "<group>";
		};
/* End PBXGroup section */

/* Begin PBXNativeTarget section */
		80CE67C6292F589C00687003 /* ituneMovie */ = {
			isa = PBXNativeTarget;
			buildConfigurationList = 80CE67DB292F589E00687003 /* Build configuration list for PBXNativeTarget "ituneMovie" */;
			buildPhases = (
				94D55E58DB160C55993E39B2 /* [CP] Check Pods Manifest.lock */,
				80CE67C3292F589C00687003 /* Sources */,
				80CE67C4292F589C00687003 /* Frameworks */,
				80CE67C5292F589C00687003 /* Resources */,
				27F374613AD214017E2E3D4A /* [CP] Embed Pods Frameworks */,
			);
			buildRules = (
			);
			dependencies = (
			);
			name = ituneMovie;
			productName = ituneMovie;
			productReference = 80CE67C7292F589C00687003 /* ituneMovie.app */;
			productType = "com.apple.product-type.application";
		};
/* End PBXNativeTarget section */

/* Begin PBXProject section */
		80CE67BF292F589C00687003 /* Project object */ = {
			isa = PBXProject;
			attributes = {
				BuildIndependentTargetsInParallel = 1;
				LastSwiftUpdateCheck = 1410;
				LastUpgradeCheck = 1410;
				TargetAttributes = {
					80CE67C6292F589C00687003 = {
						CreatedOnToolsVersion = 14.1;
					};
				};
			};
			buildConfigurationList = 80CE67C2292F589C00687003 /* Build configuration list for PBXProject "ituneMovie" */;
			compatibilityVersion = "Xcode 14.0";
			developmentRegion = en;
			hasScannedForEncodings = 0;
			knownRegions = (
				en,
				Base,
			);
			mainGroup = 80CE67BE292F589C00687003;
			productRefGroup = 80CE67C8292F589C00687003 /* Products */;
			projectDirPath = "";
			projectRoot = "";
			targets = (
				80CE67C6292F589C00687003 /* ituneMovie */,
			);
		};
/* End PBXProject section */

/* Begin PBXResourcesBuildPhase section */
		80CE67C5292F589C00687003 /* Resources */ = {
			isa = PBXResourcesBuildPhase;
			buildActionMask = 2147483647;
			files = (
				80F2343D29488AE3004DC739 /* FavouriteMovieListViewController.storyboard in Resources */,
				80CE681A2935A48300687003 /* MovieDetailViewController.xib in Resources */,
				80CE67D7292F589D00687003 /* LaunchScreen.storyboard in Resources */,
				80CE67D4292F589D00687003 /* Assets.xcassets in Resources */,
				80CE67EA292F5DD800687003 /* Movie.storyboard in Resources */,
				80F2342D29487406004DC739 /* DrawerMenuViewController.xib in Resources */,
			);
			runOnlyForDeploymentPostprocessing = 0;
		};
/* End PBXResourcesBuildPhase section */

/* Begin PBXShellScriptBuildPhase section */
		27F374613AD214017E2E3D4A /* [CP] Embed Pods Frameworks */ = {
			isa = PBXShellScriptBuildPhase;
			buildActionMask = 2147483647;
			files = (
			);
			inputFileListPaths = (
				"${PODS_ROOT}/Target Support Files/Pods-ituneMovie/Pods-ituneMovie-frameworks-${CONFIGURATION}-input-files.xcfilelist",
			);
			name = "[CP] Embed Pods Frameworks";
			outputFileListPaths = (
				"${PODS_ROOT}/Target Support Files/Pods-ituneMovie/Pods-ituneMovie-frameworks-${CONFIGURATION}-output-files.xcfilelist",
			);
			runOnlyForDeploymentPostprocessing = 0;
			shellPath = /bin/sh;
			shellScript = "\"${PODS_ROOT}/Target Support Files/Pods-ituneMovie/Pods-ituneMovie-frameworks.sh\"\n";
			showEnvVarsInLog = 0;
		};
		94D55E58DB160C55993E39B2 /* [CP] Check Pods Manifest.lock */ = {
			isa = PBXShellScriptBuildPhase;
			buildActionMask = 2147483647;
			files = (
			);
			inputFileListPaths = (
			);
			inputPaths = (
				"${PODS_PODFILE_DIR_PATH}/Podfile.lock",
				"${PODS_ROOT}/Manifest.lock",
			);
			name = "[CP] Check Pods Manifest.lock";
			outputFileListPaths = (
			);
			outputPaths = (
				"$(DERIVED_FILE_DIR)/Pods-ituneMovie-checkManifestLockResult.txt",
			);
			runOnlyForDeploymentPostprocessing = 0;
			shellPath = /bin/sh;
			shellScript = "diff \"${PODS_PODFILE_DIR_PATH}/Podfile.lock\" \"${PODS_ROOT}/Manifest.lock\" > /dev/null\nif [ $? != 0 ] ; then\n    # print error to STDERR\n    echo \"error: The sandbox is not in sync with the Podfile.lock. Run 'pod install' or update your CocoaPods installation.\" >&2\n    exit 1\nfi\n# This output is used by Xcode 'outputs' to avoid re-running this script phase.\necho \"SUCCESS\" > \"${SCRIPT_OUTPUT_FILE_0}\"\n";
			showEnvVarsInLog = 0;
		};
/* End PBXShellScriptBuildPhase section */

/* Begin PBXSourcesBuildPhase section */
		80CE67C3292F589C00687003 /* Sources */ = {
			isa = PBXSourcesBuildPhase;
			buildActionMask = 2147483647;
			files = (
				80CE6803292F82B600687003 /* Movie.swift in Sources */,
				80F2342C29487406004DC739 /* DrawerMenuViewController.swift in Sources */,
				80CE67CF292F589C00687003 /* ViewController.swift in Sources */,
				80CE67EE292F6BD900687003 /* APIService.swift in Sources */,
				80CE67CB292F589C00687003 /* AppDelegate.swift in Sources */,
				80F2343A2948801B004DC739 /* FavouriteMovieListViewController.swift in Sources */,
				80CE67F6292F6D9800687003 /* ItuneMovieAPI.swift in Sources */,
				80CE67CD292F589C00687003 /* SceneDelegate.swift in Sources */,
				80CE67FB292F71A600687003 /* ItuneMovieBaseTarget.swift in Sources */,
				808B46CC2935D679007906C4 /* UIColor + Extensions.swift in Sources */,
				80CE67FF292F71BD00687003 /* ItuneMovieBaseRequest.swift in Sources */,
				80CE67F8292F6E5200687003 /* MovieAPI.swift in Sources */,
				80556E72295980100063E9BC /* UIColor + DynamicColor Extension.swift in Sources */,
				80CE67FD292F71B200687003 /* ItuneMovieBaseResponse.swift in Sources */,
				808351DB2948BDD6009E0232 /* FavouriteMovieCollectionViewCell.swift in Sources */,
				80C7361B297A2EDA00E68222 /* ImageConstant.swift in Sources */,
				80CE6801292F73C200687003 /* MovieViewModel.swift in Sources */,
				80CE67E7292F5D4F00687003 /* MovieViewController.swift in Sources */,
				80CE6809293090AE00687003 /* MovieCollectionViewCell.swift in Sources */,
				80F23434294876ED004DC739 /* DrawerSlideAnimation.swift in Sources */,
				80CE680529305DCD00687003 /* MovieListResponse.swift in Sources */,
				80CE67F2292F6D2800687003 /* GetMovieList.swift in Sources */,
				80CE68192935A48300687003 /* MovieDetailViewController.swift in Sources */,
				80CE680E2930AF3200687003 /* MovieCollectionReusableView.swift in Sources */,
				80F234322948763E004DC739 /* DrawerPresentationController.swift in Sources */,
				80F234302948752D004DC739 /* DrawerTransitionManager.swift in Sources */,
			);
			runOnlyForDeploymentPostprocessing = 0;
		};
/* End PBXSourcesBuildPhase section */

/* Begin PBXVariantGroup section */
		80CE67D5292F589D00687003 /* LaunchScreen.storyboard */ = {
			isa = PBXVariantGroup;
			children = (
				80CE67D6292F589D00687003 /* Base */,
			);
			name = LaunchScreen.storyboard;
			sourceTree = "<group>";
		};
/* End PBXVariantGroup section */

/* Begin XCBuildConfiguration section */
		80CE67D9292F589E00687003 /* Debug */ = {
			isa = XCBuildConfiguration;
			buildSettings = {
				ALWAYS_SEARCH_USER_PATHS = NO;
				CLANG_ANALYZER_NONNULL = YES;
				CLANG_ANALYZER_NUMBER_OBJECT_CONVERSION = YES_AGGRESSIVE;
				CLANG_CXX_LANGUAGE_STANDARD = "gnu++20";
				CLANG_ENABLE_MODULES = YES;
				CLANG_ENABLE_OBJC_ARC = YES;
				CLANG_ENABLE_OBJC_WEAK = YES;
				CLANG_WARN_BLOCK_CAPTURE_AUTORELEASING = YES;
				CLANG_WARN_BOOL_CONVERSION = YES;
				CLANG_WARN_COMMA = YES;
				CLANG_WARN_CONSTANT_CONVERSION = YES;
				CLANG_WARN_DEPRECATED_OBJC_IMPLEMENTATIONS = YES;
				CLANG_WARN_DIRECT_OBJC_ISA_USAGE = YES_ERROR;
				CLANG_WARN_DOCUMENTATION_COMMENTS = YES;
				CLANG_WARN_EMPTY_BODY = YES;
				CLANG_WARN_ENUM_CONVERSION = YES;
				CLANG_WARN_INFINITE_RECURSION = YES;
				CLANG_WARN_INT_CONVERSION = YES;
				CLANG_WARN_NON_LITERAL_NULL_CONVERSION = YES;
				CLANG_WARN_OBJC_IMPLICIT_RETAIN_SELF = YES;
				CLANG_WARN_OBJC_LITERAL_CONVERSION = YES;
				CLANG_WARN_OBJC_ROOT_CLASS = YES_ERROR;
				CLANG_WARN_QUOTED_INCLUDE_IN_FRAMEWORK_HEADER = YES;
				CLANG_WARN_RANGE_LOOP_ANALYSIS = YES;
				CLANG_WARN_STRICT_PROTOTYPES = YES;
				CLANG_WARN_SUSPICIOUS_MOVE = YES;
				CLANG_WARN_UNGUARDED_AVAILABILITY = YES_AGGRESSIVE;
				CLANG_WARN_UNREACHABLE_CODE = YES;
				CLANG_WARN__DUPLICATE_METHOD_MATCH = YES;
				COPY_PHASE_STRIP = NO;
				DEBUG_INFORMATION_FORMAT = dwarf;
				ENABLE_STRICT_OBJC_MSGSEND = YES;
				ENABLE_TESTABILITY = YES;
				GCC_C_LANGUAGE_STANDARD = gnu11;
				GCC_DYNAMIC_NO_PIC = NO;
				GCC_NO_COMMON_BLOCKS = YES;
				GCC_OPTIMIZATION_LEVEL = 0;
				GCC_PREPROCESSOR_DEFINITIONS = (
					"DEBUG=1",
					"$(inherited)",
				);
				GCC_WARN_64_TO_32_BIT_CONVERSION = YES;
				GCC_WARN_ABOUT_RETURN_TYPE = YES_ERROR;
				GCC_WARN_UNDECLARED_SELECTOR = YES;
				GCC_WARN_UNINITIALIZED_AUTOS = YES_AGGRESSIVE;
				GCC_WARN_UNUSED_FUNCTION = YES;
				GCC_WARN_UNUSED_VARIABLE = YES;
				IPHONEOS_DEPLOYMENT_TARGET = 16.1;
				MTL_ENABLE_DEBUG_INFO = INCLUDE_SOURCE;
				MTL_FAST_MATH = YES;
				ONLY_ACTIVE_ARCH = YES;
				SDKROOT = iphoneos;
				SWIFT_ACTIVE_COMPILATION_CONDITIONS = DEBUG;
				SWIFT_OPTIMIZATION_LEVEL = "-Onone";
			};
			name = Debug;
		};
		80CE67DA292F589E00687003 /* Release */ = {
			isa = XCBuildConfiguration;
			buildSettings = {
				ALWAYS_SEARCH_USER_PATHS = NO;
				CLANG_ANALYZER_NONNULL = YES;
				CLANG_ANALYZER_NUMBER_OBJECT_CONVERSION = YES_AGGRESSIVE;
				CLANG_CXX_LANGUAGE_STANDARD = "gnu++20";
				CLANG_ENABLE_MODULES = YES;
				CLANG_ENABLE_OBJC_ARC = YES;
				CLANG_ENABLE_OBJC_WEAK = YES;
				CLANG_WARN_BLOCK_CAPTURE_AUTORELEASING = YES;
				CLANG_WARN_BOOL_CONVERSION = YES;
				CLANG_WARN_COMMA = YES;
				CLANG_WARN_CONSTANT_CONVERSION = YES;
				CLANG_WARN_DEPRECATED_OBJC_IMPLEMENTATIONS = YES;
				CLANG_WARN_DIRECT_OBJC_ISA_USAGE = YES_ERROR;
				CLANG_WARN_DOCUMENTATION_COMMENTS = YES;
				CLANG_WARN_EMPTY_BODY = YES;
				CLANG_WARN_ENUM_CONVERSION = YES;
				CLANG_WARN_INFINITE_RECURSION = YES;
				CLANG_WARN_INT_CONVERSION = YES;
				CLANG_WARN_NON_LITERAL_NULL_CONVERSION = YES;
				CLANG_WARN_OBJC_IMPLICIT_RETAIN_SELF = YES;
				CLANG_WARN_OBJC_LITERAL_CONVERSION = YES;
				CLANG_WARN_OBJC_ROOT_CLASS = YES_ERROR;
				CLANG_WARN_QUOTED_INCLUDE_IN_FRAMEWORK_HEADER = YES;
				CLANG_WARN_RANGE_LOOP_ANALYSIS = YES;
				CLANG_WARN_STRICT_PROTOTYPES = YES;
				CLANG_WARN_SUSPICIOUS_MOVE = YES;
				CLANG_WARN_UNGUARDED_AVAILABILITY = YES_AGGRESSIVE;
				CLANG_WARN_UNREACHABLE_CODE = YES;
				CLANG_WARN__DUPLICATE_METHOD_MATCH = YES;
				COPY_PHASE_STRIP = NO;
				DEBUG_INFORMATION_FORMAT = "dwarf-with-dsym";
				ENABLE_NS_ASSERTIONS = NO;
				ENABLE_STRICT_OBJC_MSGSEND = YES;
				GCC_C_LANGUAGE_STANDARD = gnu11;
				GCC_NO_COMMON_BLOCKS = YES;
				GCC_WARN_64_TO_32_BIT_CONVERSION = YES;
				GCC_WARN_ABOUT_RETURN_TYPE = YES_ERROR;
				GCC_WARN_UNDECLARED_SELECTOR = YES;
				GCC_WARN_UNINITIALIZED_AUTOS = YES_AGGRESSIVE;
				GCC_WARN_UNUSED_FUNCTION = YES;
				GCC_WARN_UNUSED_VARIABLE = YES;
				IPHONEOS_DEPLOYMENT_TARGET = 16.1;
				MTL_ENABLE_DEBUG_INFO = NO;
				MTL_FAST_MATH = YES;
				SDKROOT = iphoneos;
				SWIFT_COMPILATION_MODE = wholemodule;
				SWIFT_OPTIMIZATION_LEVEL = "-O";
				VALIDATE_PRODUCT = YES;
			};
			name = Release;
		};
		80CE67DC292F589E00687003 /* Debug */ = {
			isa = XCBuildConfiguration;
			baseConfigurationReference = AD759C8BEEDF1A5D71526189 /* Pods-ituneMovie.debug.xcconfig */;
			buildSettings = {
				ASSETCATALOG_COMPILER_APPICON_NAME = AppIcon;
				ASSETCATALOG_COMPILER_GLOBAL_ACCENT_COLOR_NAME = AccentColor;
				CODE_SIGN_STYLE = Automatic;
				CURRENT_PROJECT_VERSION = 1;
				GENERATE_INFOPLIST_FILE = YES;
				INFOPLIST_FILE = ituneMovie/Info.plist;
				INFOPLIST_KEY_UIApplicationSupportsIndirectInputEvents = YES;
				INFOPLIST_KEY_UILaunchStoryboardName = LaunchScreen;
				INFOPLIST_KEY_UIMainStoryboardFile = Movie;
				INFOPLIST_KEY_UISupportedInterfaceOrientations_iPad = "UIInterfaceOrientationPortrait UIInterfaceOrientationPortraitUpsideDown UIInterfaceOrientationLandscapeLeft UIInterfaceOrientationLandscapeRight";
				INFOPLIST_KEY_UISupportedInterfaceOrientations_iPhone = "UIInterfaceOrientationPortrait UIInterfaceOrientationLandscapeLeft UIInterfaceOrientationLandscapeRight";
				LD_RUNPATH_SEARCH_PATHS = (
					"$(inherited)",
					"@executable_path/Frameworks",
				);
				MARKETING_VERSION = 1.0;
				PRODUCT_BUNDLE_IDENTIFIER = giapasdf.ituneMovie;
				PRODUCT_NAME = "$(TARGET_NAME)";
				SWIFT_EMIT_LOC_STRINGS = YES;
				SWIFT_VERSION = 5.0;
				TARGETED_DEVICE_FAMILY = "1,2";
			};
			name = Debug;
		};
		80CE67DD292F589E00687003 /* Release */ = {
			isa = XCBuildConfiguration;
			baseConfigurationReference = F5585DEA846D3A5027CD7C84 /* Pods-ituneMovie.release.xcconfig */;
			buildSettings = {
				ASSETCATALOG_COMPILER_APPICON_NAME = AppIcon;
				ASSETCATALOG_COMPILER_GLOBAL_ACCENT_COLOR_NAME = AccentColor;
				CODE_SIGN_STYLE = Automatic;
				CURRENT_PROJECT_VERSION = 1;
				GENERATE_INFOPLIST_FILE = YES;
				INFOPLIST_FILE = ituneMovie/Info.plist;
				INFOPLIST_KEY_UIApplicationSupportsIndirectInputEvents = YES;
				INFOPLIST_KEY_UILaunchStoryboardName = LaunchScreen;
				INFOPLIST_KEY_UIMainStoryboardFile = Movie;
				INFOPLIST_KEY_UISupportedInterfaceOrientations_iPad = "UIInterfaceOrientationPortrait UIInterfaceOrientationPortraitUpsideDown UIInterfaceOrientationLandscapeLeft UIInterfaceOrientationLandscapeRight";
				INFOPLIST_KEY_UISupportedInterfaceOrientations_iPhone = "UIInterfaceOrientationPortrait UIInterfaceOrientationLandscapeLeft UIInterfaceOrientationLandscapeRight";
				LD_RUNPATH_SEARCH_PATHS = (
					"$(inherited)",
					"@executable_path/Frameworks",
				);
				MARKETING_VERSION = 1.0;
				PRODUCT_BUNDLE_IDENTIFIER = giapasdf.ituneMovie;
				PRODUCT_NAME = "$(TARGET_NAME)";
				SWIFT_EMIT_LOC_STRINGS = YES;
				SWIFT_VERSION = 5.0;
				TARGETED_DEVICE_FAMILY = "1,2";
			};
			name = Release;
		};
/* End XCBuildConfiguration section */

/* Begin XCConfigurationList section */
		80CE67C2292F589C00687003 /* Build configuration list for PBXProject "ituneMovie" */ = {
			isa = XCConfigurationList;
			buildConfigurations = (
				80CE67D9292F589E00687003 /* Debug */,
				80CE67DA292F589E00687003 /* Release */,
			);
			defaultConfigurationIsVisible = 0;
			defaultConfigurationName = Release;
		};
		80CE67DB292F589E00687003 /* Build configuration list for PBXNativeTarget "ituneMovie" */ = {
			isa = XCConfigurationList;
			buildConfigurations = (
				80CE67DC292F589E00687003 /* Debug */,
				80CE67DD292F589E00687003 /* Release */,
			);
			defaultConfigurationIsVisible = 0;
			defaultConfigurationName = Release;
		};
/* End XCConfigurationList section */
	};
	rootObject = 80CE67BF292F589C00687003 /* Project object */;
}
