// !$*UTF8*$!
{
	archiveVersion = 1;
	classes = {
	};
	objectVersion = 56;
	objects = {

/* Begin PBXBuildFile section */
		80CE67CB292F589C00687003 /* AppDelegate.swift in Sources */ = {isa = PBXBuildFile; fileRef = 80CE67CA292F589C00687003 /* AppDelegate.swift */; };
		80CE67CD292F589C00687003 /* SceneDelegate.swift in Sources */ = {isa = PBXBuildFile; fileRef = 80CE67CC292F589C00687003 /* SceneDelegate.swift */; };
		80CE67CF292F589C00687003 /* ViewController.swift in Sources */ = {isa = PBXBuildFile; fileRef = 80CE67CE292F589C00687003 /* ViewController.swift */; };
		80CE67D4292F589D00687003 /* Assets.xcassets in Resources */ = {isa = PBXBuildFile; fileRef = 80CE67D3292F589D00687003 /* Assets.xcassets */; };
		80CE67D7292F589D00687003 /* LaunchScreen.storyboard in Resources */ = {isa = PBXBuildFile; fileRef = 80CE67D5292F589D00687003 /* LaunchScreen.storyboard */; };
		80CE67E7292F5D4F00687003 /* MovieViewController.swift in Sources */ = {isa = PBXBuildFile; fileRef = 80CE67E5292F5D4F00687003 /* MovieViewController.swift */; };
		80CE67EA292F5DD800687003 /* Movie.storyboard in Resources */ = {isa = PBXBuildFile; fileRef = 80CE67E9292F5DD800687003 /* Movie.storyboard */; };
		80CE67EE292F6BD900687003 /* APIService.swift in Sources */ = {isa = PBXBuildFile; fileRef = 80CE67ED292F6BD900687003 /* APIService.swift */; };
		80CE67F2292F6D2800687003 /* GetMovieList.swift in Sources */ = {isa = PBXBuildFile; fileRef = 80CE67F1292F6D2800687003 /* GetMovieList.swift */; };
		80CE67F6292F6D9800687003 /* ItuneMovieAPI.swift in Sources */ = {isa = PBXBuildFile; fileRef = 80CE67F5292F6D9800687003 /* ItuneMovieAPI.swift */; };
		80CE67F8292F6E5200687003 /* MovieAPI.swift in Sources */ = {isa = PBXBuildFile; fileRef = 80CE67F7292F6E5200687003 /* MovieAPI.swift */; };
		80CE67FB292F71A600687003 /* ItuneMovieBaseTarget.swift in Sources */ = {isa = PBXBuildFile; fileRef = 80CE67FA292F71A600687003 /* ItuneMovieBaseTarget.swift */; };
		80CE67FD292F71B200687003 /* ItuneMovieBaseResponse.swift in Sources */ = {isa = PBXBuildFile; fileRef = 80CE67FC292F71B200687003 /* ItuneMovieBaseResponse.swift */; };
		80CE67FF292F71BD00687003 /* ItuneMovieBaseRequest.swift in Sources */ = {isa = PBXBuildFile; fileRef = 80CE67FE292F71BD00687003 /* ItuneMovieBaseRequest.swift */; };
		80CE6801292F73C200687003 /* MovieViewModel.swift in Sources */ = {isa = PBXBuildFile; fileRef = 80CE6800292F73C200687003 /* MovieViewModel.swift */; };
		80CE6803292F82B600687003 /* Movie.swift in Sources */ = {isa = PBXBuildFile; fileRef = 80CE6802292F82B600687003 /* Movie.swift */; };
		80CE680529305DCD00687003 /* MovieListResponse.swift in Sources */ = {isa = PBXBuildFile; fileRef = 80CE680429305DCD00687003 /* MovieListResponse.swift */; };
		80CE6809293090AE00687003 /* MovieCollectionViewCell.swift in Sources */ = {isa = PBXBuildFile; fileRef = 80CE6807293090AE00687003 /* MovieCollectionViewCell.swift */; };
		80CE680A293090AE00687003 /* MovieCollectionViewCell.xib in Resources */ = {isa = PBXBuildFile; fileRef = 80CE6808293090AE00687003 /* MovieCollectionViewCell.xib */; };
/* End PBXBuildFile section */

/* Begin PBXFileReference section */
		80CE67C7292F589C00687003 /* ituneMovie.app */ = {isa = PBXFileReference; explicitFileType = wrapper.application; includeInIndex = 0; path = ituneMovie.app; sourceTree = BUILT_PRODUCTS_DIR; };
		80CE67CA292F589C00687003 /* AppDelegate.swift */ = {isa = PBXFileReference; lastKnownFileType = sourcecode.swift; path = AppDelegate.swift; sourceTree = "<group>"; };
		80CE67CC292F589C00687003 /* SceneDelegate.swift */ = {isa = PBXFileReference; lastKnownFileType = sourcecode.swift; path = SceneDelegate.swift; sourceTree = "<group>"; };
		80CE67CE292F589C00687003 /* ViewController.swift */ = {isa = PBXFileReference; lastKnownFileType = sourcecode.swift; path = ViewController.swift; sourceTree = "<group>"; };
		80CE67D3292F589D00687003 /* Assets.xcassets */ = {isa = PBXFileReference; lastKnownFileType = folder.assetcatalog; path = Assets.xcassets; sourceTree = "<group>"; };
		80CE67D6292F589D00687003 /* Base */ = {isa = PBXFileReference; lastKnownFileType = file.storyboard; name = Base; path = Base.lproj/LaunchScreen.storyboard; sourceTree = "<group>"; };
		80CE67D8292F589E00687003 /* Info.plist */ = {isa = PBXFileReference; lastKnownFileType = text.plist.xml; path = Info.plist; sourceTree = "<group>"; };
		80CE67E5292F5D4F00687003 /* MovieViewController.swift */ = {isa = PBXFileReference; lastKnownFileType = sourcecode.swift; path = MovieViewController.swift; sourceTree = "<group>"; };
		80CE67E9292F5DD800687003 /* Movie.storyboard */ = {isa = PBXFileReference; lastKnownFileType = file.storyboard; path = Movie.storyboard; sourceTree = "<group>"; };
		80CE67ED292F6BD900687003 /* APIService.swift */ = {isa = PBXFileReference; lastKnownFileType = sourcecode.swift; path = APIService.swift; sourceTree = "<group>"; };
		80CE67F1292F6D2800687003 /* GetMovieList.swift */ = {isa = PBXFileReference; lastKnownFileType = sourcecode.swift; path = GetMovieList.swift; sourceTree = "<group>"; };
		80CE67F5292F6D9800687003 /* ItuneMovieAPI.swift */ = {isa = PBXFileReference; lastKnownFileType = sourcecode.swift; path = ItuneMovieAPI.swift; sourceTree = "<group>"; };
		80CE67F7292F6E5200687003 /* MovieAPI.swift */ = {isa = PBXFileReference; lastKnownFileType = sourcecode.swift; path = MovieAPI.swift; sourceTree = "<group>"; };
		80CE67FA292F71A600687003 /* ItuneMovieBaseTarget.swift */ = {isa = PBXFileReference; lastKnownFileType = sourcecode.swift; path = ItuneMovieBaseTarget.swift; sourceTree = "<group>"; };
		80CE67FC292F71B200687003 /* ItuneMovieBaseResponse.swift */ = {isa = PBXFileReference; lastKnownFileType = sourcecode.swift; path = ItuneMovieBaseResponse.swift; sourceTree = "<group>"; };
		80CE67FE292F71BD00687003 /* ItuneMovieBaseRequest.swift */ = {isa = PBXFileReference; lastKnownFileType = sourcecode.swift; path = ItuneMovieBaseRequest.swift; sourceTree = "<group>"; };
		80CE6800292F73C200687003 /* MovieViewModel.swift */ = {isa = PBXFileReference; lastKnownFileType = sourcecode.swift; path = MovieViewModel.swift; sourceTree = "<group>"; };
		80CE6802292F82B600687003 /* Movie.swift */ = {isa = PBXFileReference; lastKnownFileType = sourcecode.swift; path = Movie.swift; sourceTree = "<group>"; };
		80CE680429305DCD00687003 /* MovieListResponse.swift */ = {isa = PBXFileReference; lastKnownFileType = sourcecode.swift; path = MovieListResponse.swift; sourceTree = "<group>"; };
		80CE6807293090AE00687003 /* MovieCollectionViewCell.swift */ = {isa = PBXFileReference; lastKnownFileType = sourcecode.swift; path = MovieCollectionViewCell.swift; sourceTree = "<group>"; };
		80CE6808293090AE00687003 /* MovieCollectionViewCell.xib */ = {isa = PBXFileReference; lastKnownFileType = file.xib; path = MovieCollectionViewCell.xib; sourceTree = "<group>"; };
/* End PBXFileReference section */

/* Begin PBXFrameworksBuildPhase section */
		80CE67C4292F589C00687003 /* Frameworks */ = {
			isa = PBXFrameworksBuildPhase;
			buildActionMask = 2147483647;
			files = (
			);
			runOnlyForDeploymentPostprocessing = 0;
		};
/* End PBXFrameworksBuildPhase section */

/* Begin PBXGroup section */
		80CE67BE292F589C00687003 = {
			isa = PBXGroup;
			children = (
				80CE67C9292F589C00687003 /* ituneMovie */,
				80CE67C8292F589C00687003 /* Products */,
			);
			sourceTree = "<group>";
		};
		80CE67C8292F589C00687003 /* Products */ = {
			isa = PBXGroup;
			children = (
				80CE67C7292F589C00687003 /* ituneMovie.app */,
			);
			name = Products;
			sourceTree = "<group>";
		};
		80CE67C9292F589C00687003 /* ituneMovie */ = {
			isa = PBXGroup;
			children = (
				80CE67EB292F6BC100687003 /* Model */,
				80CE67DE292F5AB500687003 /* Module */,
				80CE67CA292F589C00687003 /* AppDelegate.swift */,
				80CE67CC292F589C00687003 /* SceneDelegate.swift */,
				80CE67CE292F589C00687003 /* ViewController.swift */,
				80CE67D3292F589D00687003 /* Assets.xcassets */,
				80CE67D5292F589D00687003 /* LaunchScreen.storyboard */,
				80CE67D8292F589E00687003 /* Info.plist */,
			);
			path = ituneMovie;
			sourceTree = "<group>";
		};
		80CE67DE292F5AB500687003 /* Module */ = {
			isa = PBXGroup;
			children = (
				80CE67E4292F5B7400687003 /* asd */,
				80CE67DF292F5ADA00687003 /* Movie */,
			);
			path = Module;
			sourceTree = "<group>";
		};
		80CE67DF292F5ADA00687003 /* Movie */ = {
			isa = PBXGroup;
			children = (
				80CE67E9292F5DD800687003 /* Movie.storyboard */,
				80CE67E1292F5B0500687003 /* Constant */,
				80CE67E0292F5AF900687003 /* Scene */,
			);
			path = Movie;
			sourceTree = "<group>";
		};
		80CE67E0292F5AF900687003 /* Scene */ = {
			isa = PBXGroup;
			children = (
				80CE67E2292F5B4200687003 /* Movie */,
				80CE67E3292F5B5700687003 /* MovieDetail */,
			);
			path = Scene;
			sourceTree = "<group>";
		};
		80CE67E1292F5B0500687003 /* Constant */ = {
			isa = PBXGroup;
			children = (
			);
			path = Constant;
			sourceTree = "<group>";
		};
		80CE67E2292F5B4200687003 /* Movie */ = {
			isa = PBXGroup;
			children = (
				80CE67E5292F5D4F00687003 /* MovieViewController.swift */,
				80CE6800292F73C200687003 /* MovieViewModel.swift */,
				80CE68062930907F00687003 /* Subview */,
			);
			path = Movie;
			sourceTree = "<group>";
		};
		80CE67E3292F5B5700687003 /* MovieDetail */ = {
			isa = PBXGroup;
			children = (
			);
			path = MovieDetail;
			sourceTree = "<group>";
		};
		80CE67E4292F5B7400687003 /* asd */ = {
			isa = PBXGroup;
			children = (
			);
			path = asd;
			sourceTree = "<group>";
		};
		80CE67EB292F6BC100687003 /* Model */ = {
			isa = PBXGroup;
			children = (
				80CE67EC292F6BC900687003 /* ItuneMovieAPI */,
			);
			path = Model;
			sourceTree = "<group>";
		};
		80CE67EC292F6BC900687003 /* ItuneMovieAPI */ = {
			isa = PBXGroup;
			children = (
				80CE67F5292F6D9800687003 /* ItuneMovieAPI.swift */,
				80CE67ED292F6BD900687003 /* APIService.swift */,
				80CE67F9292F718A00687003 /* Model */,
				80CE67EF292F6CF200687003 /* Endpoint */,
			);
			path = ItuneMovieAPI;
			sourceTree = "<group>";
		};
		80CE67EF292F6CF200687003 /* Endpoint */ = {
			isa = PBXGroup;
			children = (
				80CE67F0292F6D1A00687003 /* Movie */,
			);
			path = Endpoint;
			sourceTree = "<group>";
		};
		80CE67F0292F6D1A00687003 /* Movie */ = {
			isa = PBXGroup;
			children = (
				80CE67F7292F6E5200687003 /* MovieAPI.swift */,
				80CE67F1292F6D2800687003 /* GetMovieList.swift */,
			);
			path = Movie;
			sourceTree = "<group>";
		};
		80CE67F9292F718A00687003 /* Model */ = {
			isa = PBXGroup;
			children = (
				80CE67FA292F71A600687003 /* ItuneMovieBaseTarget.swift */,
				80CE67FC292F71B200687003 /* ItuneMovieBaseResponse.swift */,
				80CE67FE292F71BD00687003 /* ItuneMovieBaseRequest.swift */,
				80CE6802292F82B600687003 /* Movie.swift */,
				80CE680429305DCD00687003 /* MovieListResponse.swift */,
			);
			path = Model;
			sourceTree = "<group>";
		};
		80CE68062930907F00687003 /* Subview */ = {
			isa = PBXGroup;
			children = (
				80CE6807293090AE00687003 /* MovieCollectionViewCell.swift */,
				80CE6808293090AE00687003 /* MovieCollectionViewCell.xib */,
			);
			path = Subview;
			sourceTree = "<group>";
		};
/* End PBXGroup section */

/* Begin PBXNativeTarget section */
		80CE67C6292F589C00687003 /* ituneMovie */ = {
			isa = PBXNativeTarget;
			buildConfigurationList = 80CE67DB292F589E00687003 /* Build configuration list for PBXNativeTarget "ituneMovie" */;
			buildPhases = (
				80CE67C3292F589C00687003 /* Sources */,
				80CE67C4292F589C00687003 /* Frameworks */,
				80CE67C5292F589C00687003 /* Resources */,
			);
			buildRules = (
			);
			dependencies = (
			);
			name = ituneMovie;
			productName = ituneMovie;
			productReference = 80CE67C7292F589C00687003 /* ituneMovie.app */;
			productType = "com.apple.product-type.application";
		};
/* End PBXNativeTarget section */

/* Begin PBXProject section */
		80CE67BF292F589C00687003 /* Project object */ = {
			isa = PBXProject;
			attributes = {
				BuildIndependentTargetsInParallel = 1;
				LastSwiftUpdateCheck = 1410;
				LastUpgradeCheck = 1410;
				TargetAttributes = {
					80CE67C6292F589C00687003 = {
						CreatedOnToolsVersion = 14.1;
					};
				};
			};
			buildConfigurationList = 80CE67C2292F589C00687003 /* Build configuration list for PBXProject "ituneMovie" */;
			compatibilityVersion = "Xcode 14.0";
			developmentRegion = en;
			hasScannedForEncodings = 0;
			knownRegions = (
				en,
				Base,
			);
			mainGroup = 80CE67BE292F589C00687003;
			productRefGroup = 80CE67C8292F589C00687003 /* Products */;
			projectDirPath = "";
			projectRoot = "";
			targets = (
				80CE67C6292F589C00687003 /* ituneMovie */,
			);
		};
/* End PBXProject section */

/* Begin PBXResourcesBuildPhase section */
		80CE67C5292F589C00687003 /* Resources */ = {
			isa = PBXResourcesBuildPhase;
			buildActionMask = 2147483647;
			files = (
				80CE67D7292F589D00687003 /* LaunchScreen.storyboard in Resources */,
				80CE67D4292F589D00687003 /* Assets.xcassets in Resources */,
				80CE67EA292F5DD800687003 /* Movie.storyboard in Resources */,
				80CE680A293090AE00687003 /* MovieCollectionViewCell.xib in Resources */,
			);
			runOnlyForDeploymentPostprocessing = 0;
		};
/* End PBXResourcesBuildPhase section */

/* Begin PBXSourcesBuildPhase section */
		80CE67C3292F589C00687003 /* Sources */ = {
			isa = PBXSourcesBuildPhase;
			buildActionMask = 2147483647;
			files = (
				80CE6803292F82B600687003 /* Movie.swift in Sources */,
				80CE67CF292F589C00687003 /* ViewController.swift in Sources */,
				80CE67EE292F6BD900687003 /* APIService.swift in Sources */,
				80CE67CB292F589C00687003 /* AppDelegate.swift in Sources */,
				80CE67F6292F6D9800687003 /* ItuneMovieAPI.swift in Sources */,
				80CE67CD292F589C00687003 /* SceneDelegate.swift in Sources */,
				80CE67FB292F71A600687003 /* ItuneMovieBaseTarget.swift in Sources */,
				80CE67FF292F71BD00687003 /* ItuneMovieBaseRequest.swift in Sources */,
				80CE67F8292F6E5200687003 /* MovieAPI.swift in Sources */,
				80CE67FD292F71B200687003 /* ItuneMovieBaseResponse.swift in Sources */,
				80CE6801292F73C200687003 /* MovieViewModel.swift in Sources */,
				80CE67E7292F5D4F00687003 /* MovieViewController.swift in Sources */,
				80CE6809293090AE00687003 /* MovieCollectionViewCell.swift in Sources */,
				80CE680529305DCD00687003 /* MovieListResponse.swift in Sources */,
				80CE67F2292F6D2800687003 /* GetMovieList.swift in Sources */,
			);
			runOnlyForDeploymentPostprocessing = 0;
		};
/* End PBXSourcesBuildPhase section */

/* Begin PBXVariantGroup section */
		80CE67D5292F589D00687003 /* LaunchScreen.storyboard */ = {
			isa = PBXVariantGroup;
			children = (
				80CE67D6292F589D00687003 /* Base */,
			);
			name = LaunchScreen.storyboard;
			sourceTree = "<group>";
		};
/* End PBXVariantGroup section */

/* Begin XCBuildConfiguration section */
		80CE67D9292F589E00687003 /* Debug */ = {
			isa = XCBuildConfiguration;
			buildSettings = {
				ALWAYS_SEARCH_USER_PATHS = NO;
				CLANG_ANALYZER_NONNULL = YES;
				CLANG_ANALYZER_NUMBER_OBJECT_CONVERSION = YES_AGGRESSIVE;
				CLANG_CXX_LANGUAGE_STANDARD = "gnu++20";
				CLANG_ENABLE_MODULES = YES;
				CLANG_ENABLE_OBJC_ARC = YES;
				CLANG_ENABLE_OBJC_WEAK = YES;
				CLANG_WARN_BLOCK_CAPTURE_AUTORELEASING = YES;
				CLANG_WARN_BOOL_CONVERSION = YES;
				CLANG_WARN_COMMA = YES;
				CLANG_WARN_CONSTANT_CONVERSION = YES;
				CLANG_WARN_DEPRECATED_OBJC_IMPLEMENTATIONS = YES;
				CLANG_WARN_DIRECT_OBJC_ISA_USAGE = YES_ERROR;
				CLANG_WARN_DOCUMENTATION_COMMENTS = YES;
				CLANG_WARN_EMPTY_BODY = YES;
				CLANG_WARN_ENUM_CONVERSION = YES;
				CLANG_WARN_INFINITE_RECURSION = YES;
				CLANG_WARN_INT_CONVERSION = YES;
				CLANG_WARN_NON_LITERAL_NULL_CONVERSION = YES;
				CLANG_WARN_OBJC_IMPLICIT_RETAIN_SELF = YES;
				CLANG_WARN_OBJC_LITERAL_CONVERSION = YES;
				CLANG_WARN_OBJC_ROOT_CLASS = YES_ERROR;
				CLANG_WARN_QUOTED_INCLUDE_IN_FRAMEWORK_HEADER = YES;
				CLANG_WARN_RANGE_LOOP_ANALYSIS = YES;
				CLANG_WARN_STRICT_PROTOTYPES = YES;
				CLANG_WARN_SUSPICIOUS_MOVE = YES;
				CLANG_WARN_UNGUARDED_AVAILABILITY = YES_AGGRESSIVE;
				CLANG_WARN_UNREACHABLE_CODE = YES;
				CLANG_WARN__DUPLICATE_METHOD_MATCH = YES;
				COPY_PHASE_STRIP = NO;
				DEBUG_INFORMATION_FORMAT = dwarf;
				ENABLE_STRICT_OBJC_MSGSEND = YES;
				ENABLE_TESTABILITY = YES;
				GCC_C_LANGUAGE_STANDARD = gnu11;
				GCC_DYNAMIC_NO_PIC = NO;
				GCC_NO_COMMON_BLOCKS = YES;
				GCC_OPTIMIZATION_LEVEL = 0;
				GCC_PREPROCESSOR_DEFINITIONS = (
					"DEBUG=1",
					"$(inherited)",
				);
				GCC_WARN_64_TO_32_BIT_CONVERSION = YES;
				GCC_WARN_ABOUT_RETURN_TYPE = YES_ERROR;
				GCC_WARN_UNDECLARED_SELECTOR = YES;
				GCC_WARN_UNINITIALIZED_AUTOS = YES_AGGRESSIVE;
				GCC_WARN_UNUSED_FUNCTION = YES;
				GCC_WARN_UNUSED_VARIABLE = YES;
				IPHONEOS_DEPLOYMENT_TARGET = 16.1;
				MTL_ENABLE_DEBUG_INFO = INCLUDE_SOURCE;
				MTL_FAST_MATH = YES;
				ONLY_ACTIVE_ARCH = YES;
				SDKROOT = iphoneos;
				SWIFT_ACTIVE_COMPILATION_CONDITIONS = DEBUG;
				SWIFT_OPTIMIZATION_LEVEL = "-Onone";
			};
			name = Debug;
		};
		80CE67DA292F589E00687003 /* Release */ = {
			isa = XCBuildConfiguration;
			buildSettings = {
				ALWAYS_SEARCH_USER_PATHS = NO;
				CLANG_ANALYZER_NONNULL = YES;
				CLANG_ANALYZER_NUMBER_OBJECT_CONVERSION = YES_AGGRESSIVE;
				CLANG_CXX_LANGUAGE_STANDARD = "gnu++20";
				CLANG_ENABLE_MODULES = YES;
				CLANG_ENABLE_OBJC_ARC = YES;
				CLANG_ENABLE_OBJC_WEAK = YES;
				CLANG_WARN_BLOCK_CAPTURE_AUTORELEASING = YES;
				CLANG_WARN_BOOL_CONVERSION = YES;
				CLANG_WARN_COMMA = YES;
				CLANG_WARN_CONSTANT_CONVERSION = YES;
				CLANG_WARN_DEPRECATED_OBJC_IMPLEMENTATIONS = YES;
				CLANG_WARN_DIRECT_OBJC_ISA_USAGE = YES_ERROR;
				CLANG_WARN_DOCUMENTATION_COMMENTS = YES;
				CLANG_WARN_EMPTY_BODY = YES;
				CLANG_WARN_ENUM_CONVERSION = YES;
				CLANG_WARN_INFINITE_RECURSION = YES;
				CLANG_WARN_INT_CONVERSION = YES;
				CLANG_WARN_NON_LITERAL_NULL_CONVERSION = YES;
				CLANG_WARN_OBJC_IMPLICIT_RETAIN_SELF = YES;
				CLANG_WARN_OBJC_LITERAL_CONVERSION = YES;
				CLANG_WARN_OBJC_ROOT_CLASS = YES_ERROR;
				CLANG_WARN_QUOTED_INCLUDE_IN_FRAMEWORK_HEADER = YES;
				CLANG_WARN_RANGE_LOOP_ANALYSIS = YES;
				CLANG_WARN_STRICT_PROTOTYPES = YES;
				CLANG_WARN_SUSPICIOUS_MOVE = YES;
				CLANG_WARN_UNGUARDED_AVAILABILITY = YES_AGGRESSIVE;
				CLANG_WARN_UNREACHABLE_CODE = YES;
				CLANG_WARN__DUPLICATE_METHOD_MATCH = YES;
				COPY_PHASE_STRIP = NO;
				DEBUG_INFORMATION_FORMAT = "dwarf-with-dsym";
				ENABLE_NS_ASSERTIONS = NO;
				ENABLE_STRICT_OBJC_MSGSEND = YES;
				GCC_C_LANGUAGE_STANDARD = gnu11;
				GCC_NO_COMMON_BLOCKS = YES;
				GCC_WARN_64_TO_32_BIT_CONVERSION = YES;
				GCC_WARN_ABOUT_RETURN_TYPE = YES_ERROR;
				GCC_WARN_UNDECLARED_SELECTOR = YES;
				GCC_WARN_UNINITIALIZED_AUTOS = YES_AGGRESSIVE;
				GCC_WARN_UNUSED_FUNCTION = YES;
				GCC_WARN_UNUSED_VARIABLE = YES;
				IPHONEOS_DEPLOYMENT_TARGET = 16.1;
				MTL_ENABLE_DEBUG_INFO = NO;
				MTL_FAST_MATH = YES;
				SDKROOT = iphoneos;
				SWIFT_COMPILATION_MODE = wholemodule;
				SWIFT_OPTIMIZATION_LEVEL = "-O";
				VALIDATE_PRODUCT = YES;
			};
			name = Release;
		};
		80CE67DC292F589E00687003 /* Debug */ = {
			isa = XCBuildConfiguration;
			buildSettings = {
				ASSETCATALOG_COMPILER_APPICON_NAME = AppIcon;
				ASSETCATALOG_COMPILER_GLOBAL_ACCENT_COLOR_NAME = AccentColor;
				CODE_SIGN_STYLE = Automatic;
				CURRENT_PROJECT_VERSION = 1;
				GENERATE_INFOPLIST_FILE = YES;
				INFOPLIST_FILE = ituneMovie/Info.plist;
				INFOPLIST_KEY_UIApplicationSupportsIndirectInputEvents = YES;
				INFOPLIST_KEY_UILaunchStoryboardName = LaunchScreen;
				INFOPLIST_KEY_UIMainStoryboardFile = Movie;
				INFOPLIST_KEY_UISupportedInterfaceOrientations_iPad = "UIInterfaceOrientationPortrait UIInterfaceOrientationPortraitUpsideDown UIInterfaceOrientationLandscapeLeft UIInterfaceOrientationLandscapeRight";
				INFOPLIST_KEY_UISupportedInterfaceOrientations_iPhone = "UIInterfaceOrientationPortrait UIInterfaceOrientationLandscapeLeft UIInterfaceOrientationLandscapeRight";
				LD_RUNPATH_SEARCH_PATHS = (
					"$(inherited)",
					"@executable_path/Frameworks",
				);
				MARKETING_VERSION = 1.0;
				PRODUCT_BUNDLE_IDENTIFIER = giapasdf.ituneMovie;
				PRODUCT_NAME = "$(TARGET_NAME)";
				SWIFT_EMIT_LOC_STRINGS = YES;
				SWIFT_VERSION = 5.0;
				TARGETED_DEVICE_FAMILY = "1,2";
			};
			name = Debug;
		};
		80CE67DD292F589E00687003 /* Release */ = {
			isa = XCBuildConfiguration;
			buildSettings = {
				ASSETCATALOG_COMPILER_APPICON_NAME = AppIcon;
				ASSETCATALOG_COMPILER_GLOBAL_ACCENT_COLOR_NAME = AccentColor;
				CODE_SIGN_STYLE = Automatic;
				CURRENT_PROJECT_VERSION = 1;
				GENERATE_INFOPLIST_FILE = YES;
				INFOPLIST_FILE = ituneMovie/Info.plist;
				INFOPLIST_KEY_UIApplicationSupportsIndirectInputEvents = YES;
				INFOPLIST_KEY_UILaunchStoryboardName = LaunchScreen;
				INFOPLIST_KEY_UIMainStoryboardFile = Movie;
				INFOPLIST_KEY_UISupportedInterfaceOrientations_iPad = "UIInterfaceOrientationPortrait UIInterfaceOrientationPortraitUpsideDown UIInterfaceOrientationLandscapeLeft UIInterfaceOrientationLandscapeRight";
				INFOPLIST_KEY_UISupportedInterfaceOrientations_iPhone = "UIInterfaceOrientationPortrait UIInterfaceOrientationLandscapeLeft UIInterfaceOrientationLandscapeRight";
				LD_RUNPATH_SEARCH_PATHS = (
					"$(inherited)",
					"@executable_path/Frameworks",
				);
				MARKETING_VERSION = 1.0;
				PRODUCT_BUNDLE_IDENTIFIER = giapasdf.ituneMovie;
				PRODUCT_NAME = "$(TARGET_NAME)";
				SWIFT_EMIT_LOC_STRINGS = YES;
				SWIFT_VERSION = 5.0;
				TARGETED_DEVICE_FAMILY = "1,2";
			};
			name = Release;
		};
/* End XCBuildConfiguration section */

/* Begin XCConfigurationList section */
		80CE67C2292F589C00687003 /* Build configuration list for PBXProject "ituneMovie" */ = {
			isa = XCConfigurationList;
			buildConfigurations = (
				80CE67D9292F589E00687003 /* Debug */,
				80CE67DA292F589E00687003 /* Release */,
			);
			defaultConfigurationIsVisible = 0;
			defaultConfigurationName = Release;
		};
		80CE67DB292F589E00687003 /* Build configuration list for PBXNativeTarget "ituneMovie" */ = {
			isa = XCConfigurationList;
			buildConfigurations = (
				80CE67DC292F589E00687003 /* Debug */,
				80CE67DD292F589E00687003 /* Release */,
			);
			defaultConfigurationIsVisible = 0;
			defaultConfigurationName = Release;
		};
/* End XCConfigurationList section */
	};
	rootObject = 80CE67BF292F589C00687003 /* Project object */;
}
